{
    "_readme": [
        "This file locks the dependencies of your project to a known state",
        "Read more about it at https://getcomposer.org/doc/01-basic-usage.md#composer-lock-the-lock-file",
        "This file is @generated automatically"
    ],
    "content-hash": "b38e960d3dea20d81d54542db2805a24",
    "packages": [
        {
            "name": "doctrine/cache",
            "version": "v1.7.1",
            "source": {
                "type": "git",
                "url": "https://github.com/doctrine/cache.git",
                "reference": "b3217d58609e9c8e661cd41357a54d926c4a2a1a"
            },
            "dist": {
                "type": "zip",
                "url": "https://api.github.com/repos/doctrine/cache/zipball/b3217d58609e9c8e661cd41357a54d926c4a2a1a",
                "reference": "b3217d58609e9c8e661cd41357a54d926c4a2a1a",
                "shasum": ""
            },
            "require": {
                "php": "~7.1"
            },
            "conflict": {
                "doctrine/common": ">2.2,<2.4"
            },
            "require-dev": {
                "alcaeus/mongo-php-adapter": "^1.1",
                "mongodb/mongodb": "^1.1",
                "phpunit/phpunit": "^5.7",
                "predis/predis": "~1.0"
            },
            "suggest": {
                "alcaeus/mongo-php-adapter": "Required to use legacy MongoDB driver"
            },
            "type": "library",
            "extra": {
                "branch-alias": {
                    "dev-master": "1.7.x-dev"
                }
            },
            "autoload": {
                "psr-4": {
                    "Doctrine\\Common\\Cache\\": "lib/Doctrine/Common/Cache"
                }
            },
            "notification-url": "https://packagist.org/downloads/",
            "license": [
                "MIT"
            ],
            "authors": [
                {
                    "name": "Roman Borschel",
                    "email": "roman@code-factory.org"
                },
                {
                    "name": "Benjamin Eberlei",
                    "email": "kontakt@beberlei.de"
                },
                {
                    "name": "Guilherme Blanco",
                    "email": "guilhermeblanco@gmail.com"
                },
                {
                    "name": "Jonathan Wage",
                    "email": "jonwage@gmail.com"
                },
                {
                    "name": "Johannes Schmitt",
                    "email": "schmittjoh@gmail.com"
                }
            ],
            "description": "Caching library offering an object-oriented API for many cache backends",
            "homepage": "http://www.doctrine-project.org",
            "keywords": [
                "cache",
                "caching"
            ],
            "time": "2017-08-25T07:02:50+00:00"
        },
        {
            "name": "geraintluff/jsv4",
            "version": "v1.0.1",
            "source": {
                "type": "git",
                "url": "https://github.com/geraintluff/jsv4-php.git",
                "reference": "1d4306d39030aa288979d6822070777e4034722e"
            },
            "dist": {
                "type": "zip",
                "url": "https://api.github.com/repos/geraintluff/jsv4-php/zipball/1d4306d39030aa288979d6822070777e4034722e",
                "reference": "1d4306d39030aa288979d6822070777e4034722e",
                "shasum": ""
            },
            "type": "library",
            "autoload": {
                "classmap": [
                    "jsv4.php",
                    "schema-store.php"
                ]
            },
            "notification-url": "https://packagist.org/downloads/",
            "license": [
                "MIT"
            ],
            "authors": [
                {
                    "name": "Geraint Luff",
                    "email": "luffgd@gmail.com"
                }
            ],
            "description": "A (coercive) JSON Schema v4 Validator for PHP",
            "keywords": [
                "Geraint Luff",
                "JSON Schema",
                "geraintluff",
                "json",
                "schema",
                "v4",
                "validator"
            ],
            "time": "2014-10-07T13:36:26+00:00"
        },
        {
            "name": "jdesrosiers/resourceful",
            "version": "dev-master",
            "source": {
                "type": "git",
                "url": "https://github.com/jdesrosiers/resourceful.git",
                "reference": "9801e83b9a4cd1dd8d027912031f159f508822fe"
            },
            "dist": {
                "type": "zip",
                "url": "https://api.github.com/repos/jdesrosiers/resourceful/zipball/9801e83b9a4cd1dd8d027912031f159f508822fe",
                "reference": "9801e83b9a4cd1dd8d027912031f159f508822fe",
                "shasum": ""
            },
            "require": {
                "doctrine/cache": "~1.4",
                "geraintluff/jsv4": "~1.0",
                "jdesrosiers/silex-conneg-provider": "~1.0",
                "jdesrosiers/silex-cors-provider": "~1.0",
                "jdesrosiers/silex-json-schema-provider": "~1.0",
                "silex/silex": "~2.0",
                "symfony/filesystem": "~3.0",
                "twig/twig": "~1.17"
            },
            "require-dev": {
                "phpunit/phpunit": "~5.0",
                "symfony/browser-kit": "~3.0"
            },
            "type": "library",
            "autoload": {
                "psr-4": {
                    "JDesrosiers\\Resourceful\\": "src/"
                }
            },
            "notification-url": "https://packagist.org/downloads/",
            "license": [
                "MIT"
            ],
            "authors": [
                {
                    "name": "Jason Desrosiers",
                    "email": "jdesrosi@gmail.com"
                }
            ],
            "description": "A framework for rapid prototyping REST applications",
            "keywords": [
                "JSON Hyper-Schema",
                "Jsonary",
                "content negotiation",
                "cors",
                "http",
                "rapid prototype",
                "resource",
                "rest",
                "silex"
            ],
            "time": "2018-04-24T04:45:44+00:00"
        },
        {
            "name": "jdesrosiers/silex-conneg-provider",
            "version": "v1.0.0",
            "source": {
                "type": "git",
                "url": "https://github.com/jdesrosiers/silex-conneg-provider.git",
                "reference": "3d047f28c966d31de71999d5b79f958e32fe6e2a"
            },
            "dist": {
                "type": "zip",
                "url": "https://api.github.com/repos/jdesrosiers/silex-conneg-provider/zipball/3d047f28c966d31de71999d5b79f958e32fe6e2a",
                "reference": "3d047f28c966d31de71999d5b79f958e32fe6e2a",
                "shasum": ""
            },
            "require": {
                "silex/silex": "~2.0"
            },
            "require-dev": {
                "jdesrosiers/silex-jms-serializer-provider": "~1.0",
                "phpunit/phpunit": "~3.7",
                "symfony/browser-kit": "~2.3",
                "symfony/serializer": "~2.3"
            },
            "suggest": {
                "jdesrosiers/silex-jms-serializer-provider": "Use the conneg service to serialize responses and deserialize requests using JMS Serializer.",
                "symfony/serializer": "Use the conneg service to serialize responses and deserialize requests using the Symfony Serializer Component."
            },
            "type": "library",
            "autoload": {
                "psr-4": {
                    "JDesrosiers\\Silex\\Provider\\": "src/"
                }
            },
            "notification-url": "https://packagist.org/downloads/",
            "license": [
                "MIT"
            ],
            "authors": [
                {
                    "name": "Jason Desrosiers",
                    "email": "jdesrosi@gmail.com"
                }
            ],
            "description": "A silex service provider that provides tools for doing HTTP content negotiation.",
            "keywords": [
                "conneg",
                "content negotiation",
                "http",
                "service provider",
                "silex"
            ],
            "time": "2016-06-06T05:58:07+00:00"
        },
        {
            "name": "jdesrosiers/silex-cors-provider",
            "version": "v1.6.0",
            "source": {
                "type": "git",
                "url": "https://github.com/jdesrosiers/silex-cors-provider.git",
                "reference": "ce97ca190046e2ea5cbb2d26b89e1cb13c2eda8c"
            },
            "dist": {
                "type": "zip",
                "url": "https://api.github.com/repos/jdesrosiers/silex-cors-provider/zipball/ce97ca190046e2ea5cbb2d26b89e1cb13c2eda8c",
                "reference": "ce97ca190046e2ea5cbb2d26b89e1cb13c2eda8c",
                "shasum": ""
            },
            "require": {
                "silex/silex": "~2.0"
            },
            "require-dev": {
                "phpunit/phpunit": "3.7.*",
                "symfony/browser-kit": "2.3.*"
            },
            "type": "library",
            "autoload": {
                "psr-4": {
                    "JDesrosiers\\Silex\\Provider\\": "src/"
                }
            },
            "notification-url": "https://packagist.org/downloads/",
            "license": [
                "MIT"
            ],
            "authors": [
                {
                    "name": "Jason Desrosiers",
                    "email": "jdesrosi@gmail.com"
                }
            ],
            "description": "A silex service provider that adds CORS services to silex",
            "keywords": [
                "cors",
                "cross",
                "origin",
                "provider",
                "resource",
                "service",
                "sharing",
                "silex"
            ],
            "time": "2018-03-25T18:22:39+00:00"
        },
        {
            "name": "jdesrosiers/silex-json-schema-provider",
            "version": "v1.0.1",
            "source": {
                "type": "git",
                "url": "https://github.com/jdesrosiers/silex-json-schema-provider.git",
                "reference": "0d3bfae3de804a04c7420b87f629447df5788f21"
            },
            "dist": {
                "type": "zip",
                "url": "https://api.github.com/repos/jdesrosiers/silex-json-schema-provider/zipball/0d3bfae3de804a04c7420b87f629447df5788f21",
                "reference": "0d3bfae3de804a04c7420b87f629447df5788f21",
                "shasum": ""
            },
            "require": {
                "geraintluff/jsv4": "~1.0",
                "silex/silex": "~2.0"
            },
            "require-dev": {
                "phpunit/phpunit": "~4.5",
                "symfony/browser-kit": "~2.6"
            },
            "type": "library",
            "autoload": {
                "psr-4": {
                    "JDesrosiers\\Silex\\Provider\\": "src/"
                }
            },
            "notification-url": "https://packagist.org/downloads/",
            "license": [
                "MIT"
            ],
            "authors": [
                {
                    "name": "Jason Desrosiers",
                    "email": "jdesrosi@gmail.com"
                }
            ],
            "description": "A Silex service provider for working with JSON Schema",
            "keywords": [
                "JSON Hyper-Schema",
                "JSON Schema",
                "hyper-schema",
                "json",
                "json-schema",
                "jsv4",
                "silex"
            ],
            "time": "2018-04-24T02:25:59+00:00"
        },
        {
            "name": "pimple/pimple",
            "version": "v3.2.3",
            "source": {
                "type": "git",
                "url": "https://github.com/silexphp/Pimple.git",
                "reference": "9e403941ef9d65d20cba7d54e29fe906db42cf32"
            },
            "dist": {
                "type": "zip",
                "url": "https://api.github.com/repos/silexphp/Pimple/zipball/9e403941ef9d65d20cba7d54e29fe906db42cf32",
                "reference": "9e403941ef9d65d20cba7d54e29fe906db42cf32",
                "shasum": ""
            },
            "require": {
                "php": ">=5.3.0",
                "psr/container": "^1.0"
            },
            "require-dev": {
                "symfony/phpunit-bridge": "^3.2"
            },
            "type": "library",
            "extra": {
                "branch-alias": {
                    "dev-master": "3.2.x-dev"
                }
            },
            "autoload": {
                "psr-0": {
                    "Pimple": "src/"
                }
            },
            "notification-url": "https://packagist.org/downloads/",
            "license": [
                "MIT"
            ],
            "authors": [
                {
                    "name": "Fabien Potencier",
                    "email": "fabien@symfony.com"
                }
            ],
            "description": "Pimple, a simple Dependency Injection Container",
            "homepage": "http://pimple.sensiolabs.org",
            "keywords": [
                "container",
                "dependency injection"
            ],
            "time": "2018-01-21T07:42:36+00:00"
        },
        {
            "name": "psr/container",
            "version": "1.0.0",
            "source": {
                "type": "git",
                "url": "https://github.com/php-fig/container.git",
                "reference": "b7ce3b176482dbbc1245ebf52b181af44c2cf55f"
            },
            "dist": {
                "type": "zip",
                "url": "https://api.github.com/repos/php-fig/container/zipball/b7ce3b176482dbbc1245ebf52b181af44c2cf55f",
                "reference": "b7ce3b176482dbbc1245ebf52b181af44c2cf55f",
                "shasum": ""
            },
            "require": {
                "php": ">=5.3.0"
            },
            "type": "library",
            "extra": {
                "branch-alias": {
                    "dev-master": "1.0.x-dev"
                }
            },
            "autoload": {
                "psr-4": {
                    "Psr\\Container\\": "src/"
                }
            },
            "notification-url": "https://packagist.org/downloads/",
            "license": [
                "MIT"
            ],
            "authors": [
                {
                    "name": "PHP-FIG",
                    "homepage": "http://www.php-fig.org/"
                }
            ],
            "description": "Common Container Interface (PHP FIG PSR-11)",
            "homepage": "https://github.com/php-fig/container",
            "keywords": [
                "PSR-11",
                "container",
                "container-interface",
                "container-interop",
                "psr"
            ],
            "time": "2017-02-14T16:28:37+00:00"
        },
        {
            "name": "psr/log",
            "version": "1.0.2",
            "source": {
                "type": "git",
                "url": "https://github.com/php-fig/log.git",
                "reference": "4ebe3a8bf773a19edfe0a84b6585ba3d401b724d"
            },
            "dist": {
                "type": "zip",
                "url": "https://api.github.com/repos/php-fig/log/zipball/4ebe3a8bf773a19edfe0a84b6585ba3d401b724d",
                "reference": "4ebe3a8bf773a19edfe0a84b6585ba3d401b724d",
                "shasum": ""
            },
            "require": {
                "php": ">=5.3.0"
            },
            "type": "library",
            "extra": {
                "branch-alias": {
                    "dev-master": "1.0.x-dev"
                }
            },
            "autoload": {
                "psr-4": {
                    "Psr\\Log\\": "Psr/Log/"
                }
            },
            "notification-url": "https://packagist.org/downloads/",
            "license": [
                "MIT"
            ],
            "authors": [
                {
                    "name": "PHP-FIG",
                    "homepage": "http://www.php-fig.org/"
                }
            ],
            "description": "Common interface for logging libraries",
            "homepage": "https://github.com/php-fig/log",
            "keywords": [
                "log",
                "psr",
                "psr-3"
            ],
            "time": "2016-10-10T12:19:37+00:00"
        },
        {
            "name": "silex/silex",
            "version": "v2.3.0",
            "source": {
                "type": "git",
                "url": "https://github.com/silexphp/Silex.git",
                "reference": "6bc31c1b8c4ef614a7115320fd2d3b958032f131"
            },
            "dist": {
                "type": "zip",
                "url": "https://api.github.com/repos/silexphp/Silex/zipball/6bc31c1b8c4ef614a7115320fd2d3b958032f131",
                "reference": "6bc31c1b8c4ef614a7115320fd2d3b958032f131",
                "shasum": ""
            },
            "require": {
                "php": ">=7.1.3",
                "pimple/pimple": "^3.0",
                "symfony/event-dispatcher": "^4.0",
                "symfony/http-foundation": "^4.0",
                "symfony/http-kernel": "^4.0",
                "symfony/routing": "^4.0"
            },
            "replace": {
                "silex/api": "self.version",
                "silex/providers": "self.version"
            },
            "require-dev": {
                "doctrine/dbal": "^2.2",
                "monolog/monolog": "^1.4.1",
                "swiftmailer/swiftmailer": "^5",
                "symfony/asset": "^4.0",
                "symfony/browser-kit": "^4.0",
                "symfony/config": "^4.0",
                "symfony/css-selector": "^4.0",
                "symfony/debug": "^4.0",
                "symfony/doctrine-bridge": "^4.0",
                "symfony/dom-crawler": "^4.0",
                "symfony/expression-language": "^4.0",
                "symfony/finder": "^4.0",
                "symfony/form": "^4.0",
                "symfony/intl": "^4.0",
                "symfony/monolog-bridge": "^4.0",
                "symfony/options-resolver": "^4.0",
                "symfony/phpunit-bridge": "^3.2",
                "symfony/process": "^4.0",
                "symfony/security": "^4.0",
                "symfony/serializer": "^4.0",
                "symfony/translation": "^4.0",
                "symfony/twig-bridge": "^4.0",
                "symfony/validator": "^4.0",
                "symfony/var-dumper": "^4.0",
                "symfony/web-link": "^4.0",
                "twig/twig": "^2.0"
            },
            "type": "library",
            "extra": {
                "branch-alias": {
                    "dev-master": "2.3.x-dev"
                }
            },
            "autoload": {
                "psr-4": {
                    "Silex\\": "src/Silex"
                }
            },
            "notification-url": "https://packagist.org/downloads/",
            "license": [
                "MIT"
            ],
            "authors": [
                {
                    "name": "Fabien Potencier",
                    "email": "fabien@symfony.com"
                },
                {
                    "name": "Igor Wiedler",
                    "email": "igor@wiedler.ch"
                }
            ],
            "description": "The PHP micro-framework based on the Symfony Components",
            "homepage": "http://silex.sensiolabs.org",
            "keywords": [
                "microframework"
            ],
            "time": "2018-04-20T05:17:01+00:00"
        },
        {
            "name": "symfony/debug",
            "version": "v4.0.8",
            "source": {
                "type": "git",
                "url": "https://github.com/symfony/debug.git",
                "reference": "5961d02d48828671f5d8a7805e06579d692f6ede"
            },
            "dist": {
                "type": "zip",
                "url": "https://api.github.com/repos/symfony/debug/zipball/5961d02d48828671f5d8a7805e06579d692f6ede",
                "reference": "5961d02d48828671f5d8a7805e06579d692f6ede",
                "shasum": ""
            },
            "require": {
                "php": "^7.1.3",
                "psr/log": "~1.0"
            },
            "conflict": {
                "symfony/http-kernel": "<3.4"
            },
            "require-dev": {
                "symfony/http-kernel": "~3.4|~4.0"
            },
            "type": "library",
            "extra": {
                "branch-alias": {
                    "dev-master": "4.0-dev"
                }
            },
            "autoload": {
                "psr-4": {
                    "Symfony\\Component\\Debug\\": ""
                },
                "exclude-from-classmap": [
                    "/Tests/"
                ]
            },
            "notification-url": "https://packagist.org/downloads/",
            "license": [
                "MIT"
            ],
            "authors": [
                {
                    "name": "Fabien Potencier",
                    "email": "fabien@symfony.com"
                },
                {
                    "name": "Symfony Community",
                    "homepage": "https://symfony.com/contributors"
                }
            ],
            "description": "Symfony Debug Component",
            "homepage": "https://symfony.com",
            "time": "2018-04-03T05:24:00+00:00"
        },
        {
            "name": "symfony/event-dispatcher",
            "version": "v4.0.8",
            "source": {
                "type": "git",
                "url": "https://github.com/symfony/event-dispatcher.git",
                "reference": "63353a71073faf08f62caab4e6889b06a787f07b"
            },
            "dist": {
                "type": "zip",
                "url": "https://api.github.com/repos/symfony/event-dispatcher/zipball/63353a71073faf08f62caab4e6889b06a787f07b",
                "reference": "63353a71073faf08f62caab4e6889b06a787f07b",
                "shasum": ""
            },
            "require": {
                "php": "^7.1.3"
            },
            "conflict": {
                "symfony/dependency-injection": "<3.4"
            },
            "require-dev": {
                "psr/log": "~1.0",
                "symfony/config": "~3.4|~4.0",
                "symfony/dependency-injection": "~3.4|~4.0",
                "symfony/expression-language": "~3.4|~4.0",
                "symfony/stopwatch": "~3.4|~4.0"
            },
            "suggest": {
                "symfony/dependency-injection": "",
                "symfony/http-kernel": ""
            },
            "type": "library",
            "extra": {
                "branch-alias": {
                    "dev-master": "4.0-dev"
                }
            },
            "autoload": {
                "psr-4": {
                    "Symfony\\Component\\EventDispatcher\\": ""
                },
                "exclude-from-classmap": [
                    "/Tests/"
                ]
            },
            "notification-url": "https://packagist.org/downloads/",
            "license": [
                "MIT"
            ],
            "authors": [
                {
                    "name": "Fabien Potencier",
                    "email": "fabien@symfony.com"
                },
                {
                    "name": "Symfony Community",
                    "homepage": "https://symfony.com/contributors"
                }
            ],
            "description": "Symfony EventDispatcher Component",
            "homepage": "https://symfony.com",
            "time": "2018-04-06T07:35:43+00:00"
        },
        {
            "name": "symfony/filesystem",
            "version": "v3.4.8",
            "source": {
                "type": "git",
                "url": "https://github.com/symfony/filesystem.git",
                "reference": "253a4490b528597aa14d2bf5aeded6f5e5e4a541"
            },
            "dist": {
                "type": "zip",
                "url": "https://api.github.com/repos/symfony/filesystem/zipball/253a4490b528597aa14d2bf5aeded6f5e5e4a541",
                "reference": "253a4490b528597aa14d2bf5aeded6f5e5e4a541",
                "shasum": ""
            },
            "require": {
                "php": "^5.5.9|>=7.0.8"
            },
            "type": "library",
            "extra": {
                "branch-alias": {
                    "dev-master": "3.4-dev"
                }
            },
            "autoload": {
                "psr-4": {
                    "Symfony\\Component\\Filesystem\\": ""
                },
                "exclude-from-classmap": [
                    "/Tests/"
                ]
            },
            "notification-url": "https://packagist.org/downloads/",
            "license": [
                "MIT"
            ],
            "authors": [
                {
                    "name": "Fabien Potencier",
                    "email": "fabien@symfony.com"
                },
                {
                    "name": "Symfony Community",
                    "homepage": "https://symfony.com/contributors"
                }
            ],
            "description": "Symfony Filesystem Component",
            "homepage": "https://symfony.com",
            "time": "2018-02-22T10:48:49+00:00"
        },
        {
            "name": "symfony/http-foundation",
            "version": "v4.0.8",
            "source": {
                "type": "git",
                "url": "https://github.com/symfony/http-foundation.git",
                "reference": "d0864a82e5891ab61d31eecbaa48bed5a09b8e6c"
            },
            "dist": {
                "type": "zip",
                "url": "https://api.github.com/repos/symfony/http-foundation/zipball/d0864a82e5891ab61d31eecbaa48bed5a09b8e6c",
                "reference": "d0864a82e5891ab61d31eecbaa48bed5a09b8e6c",
                "shasum": ""
            },
            "require": {
                "php": "^7.1.3",
                "symfony/polyfill-mbstring": "~1.1"
            },
            "require-dev": {
                "symfony/expression-language": "~3.4|~4.0"
            },
            "type": "library",
            "extra": {
                "branch-alias": {
                    "dev-master": "4.0-dev"
                }
            },
            "autoload": {
                "psr-4": {
                    "Symfony\\Component\\HttpFoundation\\": ""
                },
                "exclude-from-classmap": [
                    "/Tests/"
                ]
            },
            "notification-url": "https://packagist.org/downloads/",
            "license": [
                "MIT"
            ],
            "authors": [
                {
                    "name": "Fabien Potencier",
                    "email": "fabien@symfony.com"
                },
                {
                    "name": "Symfony Community",
                    "homepage": "https://symfony.com/contributors"
                }
            ],
            "description": "Symfony HttpFoundation Component",
            "homepage": "https://symfony.com",
            "time": "2018-04-03T05:24:00+00:00"
        },
        {
            "name": "symfony/http-kernel",
            "version": "v4.0.8",
            "source": {
                "type": "git",
                "url": "https://github.com/symfony/http-kernel.git",
                "reference": "6dd620d96d64456075536ffe3c6c4658dd689021"
            },
            "dist": {
                "type": "zip",
                "url": "https://api.github.com/repos/symfony/http-kernel/zipball/6dd620d96d64456075536ffe3c6c4658dd689021",
                "reference": "6dd620d96d64456075536ffe3c6c4658dd689021",
                "shasum": ""
            },
            "require": {
                "php": "^7.1.3",
                "psr/log": "~1.0",
                "symfony/debug": "~3.4|~4.0",
                "symfony/event-dispatcher": "~3.4|~4.0",
                "symfony/http-foundation": "~3.4.4|~4.0.4"
            },
            "conflict": {
                "symfony/config": "<3.4",
                "symfony/dependency-injection": "<3.4.5|<4.0.5,>=4",
                "symfony/var-dumper": "<3.4",
                "twig/twig": "<1.34|<2.4,>=2"
            },
            "provide": {
                "psr/log-implementation": "1.0"
            },
            "require-dev": {
                "psr/cache": "~1.0",
                "symfony/browser-kit": "~3.4|~4.0",
                "symfony/config": "~3.4|~4.0",
                "symfony/console": "~3.4|~4.0",
                "symfony/css-selector": "~3.4|~4.0",
                "symfony/dependency-injection": "^3.4.5|^4.0.5",
                "symfony/dom-crawler": "~3.4|~4.0",
                "symfony/expression-language": "~3.4|~4.0",
                "symfony/finder": "~3.4|~4.0",
                "symfony/process": "~3.4|~4.0",
                "symfony/routing": "~3.4|~4.0",
                "symfony/stopwatch": "~3.4|~4.0",
                "symfony/templating": "~3.4|~4.0",
                "symfony/translation": "~3.4|~4.0",
                "symfony/var-dumper": "~3.4|~4.0"
            },
            "suggest": {
                "symfony/browser-kit": "",
                "symfony/config": "",
                "symfony/console": "",
                "symfony/dependency-injection": "",
                "symfony/var-dumper": ""
            },
            "type": "library",
            "extra": {
                "branch-alias": {
                    "dev-master": "4.0-dev"
                }
            },
            "autoload": {
                "psr-4": {
                    "Symfony\\Component\\HttpKernel\\": ""
                },
                "exclude-from-classmap": [
                    "/Tests/"
                ]
            },
            "notification-url": "https://packagist.org/downloads/",
            "license": [
                "MIT"
            ],
            "authors": [
                {
                    "name": "Fabien Potencier",
                    "email": "fabien@symfony.com"
                },
                {
                    "name": "Symfony Community",
                    "homepage": "https://symfony.com/contributors"
                }
            ],
            "description": "Symfony HttpKernel Component",
            "homepage": "https://symfony.com",
            "time": "2018-04-06T16:25:03+00:00"
        },
        {
            "name": "symfony/polyfill-mbstring",
            "version": "v1.7.0",
            "source": {
                "type": "git",
                "url": "https://github.com/symfony/polyfill-mbstring.git",
                "reference": "78be803ce01e55d3491c1397cf1c64beb9c1b63b"
            },
            "dist": {
                "type": "zip",
                "url": "https://api.github.com/repos/symfony/polyfill-mbstring/zipball/78be803ce01e55d3491c1397cf1c64beb9c1b63b",
                "reference": "78be803ce01e55d3491c1397cf1c64beb9c1b63b",
                "shasum": ""
            },
            "require": {
                "php": ">=5.3.3"
            },
            "suggest": {
                "ext-mbstring": "For best performance"
            },
            "type": "library",
            "extra": {
                "branch-alias": {
                    "dev-master": "1.7-dev"
                }
            },
            "autoload": {
                "psr-4": {
                    "Symfony\\Polyfill\\Mbstring\\": ""
                },
                "files": [
                    "bootstrap.php"
                ]
            },
            "notification-url": "https://packagist.org/downloads/",
            "license": [
                "MIT"
            ],
            "authors": [
                {
                    "name": "Nicolas Grekas",
                    "email": "p@tchwork.com"
                },
                {
                    "name": "Symfony Community",
                    "homepage": "https://symfony.com/contributors"
                }
            ],
            "description": "Symfony polyfill for the Mbstring extension",
            "homepage": "https://symfony.com",
            "keywords": [
                "compatibility",
                "mbstring",
                "polyfill",
                "portable",
                "shim"
            ],
            "time": "2018-01-30T19:27:44+00:00"
        },
        {
            "name": "symfony/routing",
            "version": "v4.0.8",
            "source": {
                "type": "git",
                "url": "https://github.com/symfony/routing.git",
                "reference": "0663036dd57dbfd4e9ff29f75bbd5dd3253ebe71"
            },
            "dist": {
                "type": "zip",
                "url": "https://api.github.com/repos/symfony/routing/zipball/0663036dd57dbfd4e9ff29f75bbd5dd3253ebe71",
                "reference": "0663036dd57dbfd4e9ff29f75bbd5dd3253ebe71",
                "shasum": ""
            },
            "require": {
                "php": "^7.1.3"
            },
            "conflict": {
                "symfony/config": "<3.4",
                "symfony/dependency-injection": "<3.4",
                "symfony/yaml": "<3.4"
            },
            "require-dev": {
                "doctrine/annotations": "~1.0",
                "doctrine/common": "~2.2",
                "psr/log": "~1.0",
                "symfony/config": "~3.4|~4.0",
                "symfony/dependency-injection": "~3.4|~4.0",
                "symfony/expression-language": "~3.4|~4.0",
                "symfony/http-foundation": "~3.4|~4.0",
                "symfony/yaml": "~3.4|~4.0"
            },
            "suggest": {
                "doctrine/annotations": "For using the annotation loader",
                "symfony/config": "For using the all-in-one router or any loader",
                "symfony/dependency-injection": "For loading routes from a service",
                "symfony/expression-language": "For using expression matching",
                "symfony/http-foundation": "For using a Symfony Request object",
                "symfony/yaml": "For using the YAML loader"
            },
            "type": "library",
            "extra": {
                "branch-alias": {
                    "dev-master": "4.0-dev"
                }
            },
            "autoload": {
                "psr-4": {
                    "Symfony\\Component\\Routing\\": ""
                },
                "exclude-from-classmap": [
                    "/Tests/"
                ]
            },
            "notification-url": "https://packagist.org/downloads/",
            "license": [
                "MIT"
            ],
            "authors": [
                {
                    "name": "Fabien Potencier",
                    "email": "fabien@symfony.com"
                },
                {
                    "name": "Symfony Community",
                    "homepage": "https://symfony.com/contributors"
                }
            ],
            "description": "Symfony Routing Component",
            "homepage": "https://symfony.com",
            "keywords": [
                "router",
                "routing",
                "uri",
                "url"
            ],
            "time": "2018-04-04T13:50:32+00:00"
        },
        {
            "name": "twig/twig",
            "version": "v1.35.3",
            "source": {
                "type": "git",
                "url": "https://github.com/twigphp/Twig.git",
                "reference": "b48680b6eb7d16b5025b9bfc4108d86f6b8af86f"
            },
            "dist": {
                "type": "zip",
                "url": "https://api.github.com/repos/twigphp/Twig/zipball/b48680b6eb7d16b5025b9bfc4108d86f6b8af86f",
                "reference": "b48680b6eb7d16b5025b9bfc4108d86f6b8af86f",
                "shasum": ""
            },
            "require": {
                "php": ">=5.3.3"
            },
            "require-dev": {
                "psr/container": "^1.0",
                "symfony/debug": "^2.7",
                "symfony/phpunit-bridge": "^3.3"
            },
            "type": "library",
            "extra": {
                "branch-alias": {
                    "dev-master": "1.35-dev"
                }
            },
            "autoload": {
                "psr-0": {
                    "Twig_": "lib/"
                },
                "psr-4": {
                    "Twig\\": "src/"
                }
            },
            "notification-url": "https://packagist.org/downloads/",
            "license": [
                "BSD-3-Clause"
            ],
            "authors": [
                {
                    "name": "Fabien Potencier",
                    "email": "fabien@symfony.com",
                    "homepage": "http://fabien.potencier.org",
                    "role": "Lead Developer"
                },
                {
                    "name": "Armin Ronacher",
                    "email": "armin.ronacher@active-4.com",
                    "role": "Project Founder"
                },
                {
                    "name": "Twig Team",
                    "homepage": "http://twig.sensiolabs.org/contributors",
                    "role": "Contributors"
                }
            ],
            "description": "Twig, the flexible, fast, and secure template language for PHP",
            "homepage": "http://twig.sensiolabs.org",
            "keywords": [
                "templating"
            ],
            "time": "2018-03-20T04:25:58+00:00"
        }
    ],
    "packages-dev": [],
    "aliases": [],
    "minimum-stability": "stable",
    "stability-flags": {
        "jdesrosiers/resourceful": 20
    },
    "prefer-stable": false,
    "prefer-lowest": false,
    "platform": [],
    "platform-dev": []
}
